
Microsoft Visual Studio Solution File, Format Version 12.00
# Visual Studio Version 17
VisualStudioVersion = 17.10.35013.160
MinimumVisualStudioVersion = 10.0.40219.1
Project("{FAE04EC0-301F-11D3-BF4B-00C04F79EFBC}") = "ShopLess.Core", "ShopLess.Core\ShopLess.Core.csproj", "{C2E24C56-2E14-4057-BCF9-71C0D8D90BC6}"
EndProject
Project("{FAE04EC0-301F-11D3-BF4B-00C04F79EFBC}") = "ShopLess.Data", "ShopLess.Data\ShopLess.Data.csproj", "{0D3F4C9C-F7BA-47B6-A814-6DA6EA661039}"
EndProject
Project("{FAE04EC0-301F-11D3-BF4B-00C04F79EFBC}") = "ShopLess.Business", "ShopLess.Business\ShopLess.Business.csproj", "{784A6F5E-4EC5-4B2B-942E-3FF53B2CE2FF}"
EndProject
Project("{FAE04EC0-301F-11D3-BF4B-00C04F79EFBC}") = "ShopLess.CA", "ShopLess.CA\ShopLess.CA.csproj", "{D1FCDC2D-F27C-4111-A016-C731540004C3}"
EndProject
Global
	GlobalSection(SolutionConfigurationPlatforms) = preSolution
		Debug|Any CPU = Debug|Any CPU
		Release|Any CPU = Release|Any CPU
	EndGlobalSection
	GlobalSection(ProjectConfigurationPlatforms) = postSolution
		{C2E24C56-2E14-4057-BCF9-71C0D8D90BC6}.Debug|Any CPU.ActiveCfg = Debug|Any CPU
		{C2E24C56-2E14-4057-BCF9-71C0D8D90BC6}.Debug|Any CPU.Build.0 = Debug|Any CPU
		{C2E24C56-2E14-4057-BCF9-71C0D8D90BC6}.Release|Any CPU.ActiveCfg = Release|Any CPU
		{C2E24C56-2E14-4057-BCF9-71C0D8D90BC6}.Release|Any CPU.Build.0 = Release|Any CPU
		{0D3F4C9C-F7BA-47B6-A814-6DA6EA661039}.Debug|Any CPU.ActiveCfg = Debug|Any CPU
		{0D3F4C9C-F7BA-47B6-A814-6DA6EA661039}.Debug|Any CPU.Build.0 = Debug|Any CPU
		{0D3F4C9C-F7BA-47B6-A814-6DA6EA661039}.Release|Any CPU.ActiveCfg = Release|Any CPU
		{0D3F4C9C-F7BA-47B6-A814-6DA6EA661039}.Release|Any CPU.Build.0 = Release|Any CPU
		{784A6F5E-4EC5-4B2B-942E-3FF53B2CE2FF}.Debug|Any CPU.ActiveCfg = Debug|Any CPU
		{784A6F5E-4EC5-4B2B-942E-3FF53B2CE2FF}.Debug|Any CPU.Build.0 = Debug|Any CPU
		{784A6F5E-4EC5-4B2B-942E-3FF53B2CE2FF}.Release|Any CPU.ActiveCfg = Release|Any CPU
		{784A6F5E-4EC5-4B2B-942E-3FF53B2CE2FF}.Release|Any CPU.Build.0 = Release|Any CPU
		{D1FCDC2D-F27C-4111-A016-C731540004C3}.Debug|Any CPU.ActiveCfg = Debug|Any CPU
		{D1FCDC2D-F27C-4111-A016-C731540004C3}.Debug|Any CPU.Build.0 = Debug|Any CPU
		{D1FCDC2D-F27C-4111-A016-C731540004C3}.Release|Any CPU.ActiveCfg = Release|Any CPU
		{D1FCDC2D-F27C-4111-A016-C731540004C3}.Release|Any CPU.Build.0 = Release|Any CPU
	EndGlobalSection
	GlobalSection(SolutionProperties) = preSolution
		HideSolutionNode = FALSE
	EndGlobalSection
	GlobalSection(ExtensibilityGlobals) = postSolution
		SolutionGuid = {ABFF2F9B-12D1-48FD-8901-68D659E0B8CC}
	EndGlobalSection
EndGlobal
